
Microsoft Visual Studio Solution File, Format Version 12.00
# Visual Studio Version 17
VisualStudioVersion = 17.8.34408.163
MinimumVisualStudioVersion = 10.0.40219.1
Project("{FAE04EC0-301F-11D3-BF4B-00C04F79EFBC}") = "NativeEmbedding_Shimmer", "NativeEmbedding_Shimmer\NativeEmbedding_Shimmer.csproj", "{8789FE85-B38F-4E80-9ABA-6DCECBAF45A2}"
EndProject
Global
	GlobalSection(SolutionConfigurationPlatforms) = preSolution
		Debug|Any CPU = Debug|Any CPU
		Release|Any CPU = Release|Any CPU
	EndGlobalSection
	GlobalSection(ProjectConfigurationPlatforms) = postSolution
		{8789FE85-B38F-4E80-9ABA-6DCECBAF45A2}.Debug|Any CPU.ActiveCfg = Debug|Any CPU
		{8789FE85-B38F-4E80-9ABA-6DCECBAF45A2}.Debug|Any CPU.Build.0 = Debug|Any CPU
		{8789FE85-B38F-4E80-9ABA-6DCECBAF45A2}.Debug|Any CPU.Deploy.0 = Debug|Any CPU
		{8789FE85-B38F-4E80-9ABA-6DCECBAF45A2}.Release|Any CPU.ActiveCfg = Release|Any CPU
		{8789FE85-B38F-4E80-9ABA-6DCECBAF45A2}.Release|Any CPU.Build.0 = Release|Any CPU
		{8789FE85-B38F-4E80-9ABA-6DCECBAF45A2}.Release|Any CPU.Deploy.0 = Release|Any CPU
	EndGlobalSection
	GlobalSection(SolutionProperties) = preSolution
		HideSolutionNode = FALSE
	EndGlobalSection
	GlobalSection(ExtensibilityGlobals) = postSolution
		SolutionGuid = {AEB9FCC9-DD31-48E1-9989-28A871AB9540}
	EndGlobalSection
EndGlobal
